<?xml version="1.0" encoding="UTF-8"?>
<Project ToolsVersion="15.0" xmlns="http://schemas.microsoft.com/developer/msbuild/2003">
  <ItemGroup>
    <ClCompile Include="C:\GID64-git\gidproject\gidpost\examples\testpost_fd.c">
      <Filter>Source Files</Filter>
    </ClCompile>
  </ItemGroup>
  <ItemGroup>
    <CustomBuild Include="C:\GID64-git\gidproject\gidpost\examples\CMakeLists.txt" />
  </ItemGroup>
  <ItemGroup>
    <Filter Include="Source Files">
      <UniqueIdentifier>{36E76ADD-7ADE-394F-A5D1-B27ACA3AC759}</UniqueIdentifier>
    </Filter>
  </ItemGroup>
</Project>
